
Microsoft Visual Studio Solution File, Format Version 12.00
# Visual Studio Version 16
VisualStudioVersion = 16.0.29215.179
MinimumVisualStudioVersion = 10.0.40219.1
Project("{FAE04EC0-301F-11D3-BF4B-00C04F79EFBC}") = "Labtracker", "Labtracker\Labtracker.csproj", "{49D3E4E1-3397-4D88-A18F-6A11BE63597C}"
EndProject
Global
	GlobalSection(SolutionConfigurationPlatforms) = preSolution
		Debug|Any CPU = Debug|Any CPU
		Release|Any CPU = Release|Any CPU
	EndGlobalSection
	GlobalSection(ProjectConfigurationPlatforms) = postSolution
		{49D3E4E1-3397-4D88-A18F-6A11BE63597C}.Debug|Any CPU.ActiveCfg = Debug|Any CPU
		{49D3E4E1-3397-4D88-A18F-6A11BE63597C}.Debug|Any CPU.Build.0 = Debug|Any CPU
		{49D3E4E1-3397-4D88-A18F-6A11BE63597C}.Release|Any CPU.ActiveCfg = Release|Any CPU
		{49D3E4E1-3397-4D88-A18F-6A11BE63597C}.Release|Any CPU.Build.0 = Release|Any CPU
	EndGlobalSection
	GlobalSection(SolutionProperties) = preSolution
		HideSolutionNode = FALSE
	EndGlobalSection
	GlobalSection(ExtensibilityGlobals) = postSolution
		SolutionGuid = {A3B4A96E-BB8E-4194-9A43-D5D06391891D}
	EndGlobalSection
EndGlobal
